
Microsoft Visual Studio Solution File, Format Version 12.00
# Visual Studio Version 17
VisualStudioVersion = 17.14.36408.4
MinimumVisualStudioVersion = 10.0.40219.1
Project("{FAE04EC0-301F-11D3-BF4B-00C04F79EFBC}") = "ZombieLand.GameEngine", "ZombieLand.GameEngine\ZombieLand.GameEngine.csproj", "{F3EB29D1-C607-4783-BC7F-D25FAC30337F}"
EndProject
Global
	GlobalSection(SolutionConfigurationPlatforms) = preSolution
		Debug|Any CPU = Debug|Any CPU
		Release|Any CPU = Release|Any CPU
	EndGlobalSection
	GlobalSection(ProjectConfigurationPlatforms) = postSolution
		{F3EB29D1-C607-4783-BC7F-D25FAC30337F}.Debug|Any CPU.ActiveCfg = Debug|Any CPU
		{F3EB29D1-C607-4783-BC7F-D25FAC30337F}.Debug|Any CPU.Build.0 = Debug|Any CPU
		{F3EB29D1-C607-4783-BC7F-D25FAC30337F}.Release|Any CPU.ActiveCfg = Release|Any CPU
		{F3EB29D1-C607-4783-BC7F-D25FAC30337F}.Release|Any CPU.Build.0 = Release|Any CPU
	EndGlobalSection
	GlobalSection(SolutionProperties) = preSolution
		HideSolutionNode = FALSE
	EndGlobalSection
	GlobalSection(ExtensibilityGlobals) = postSolution
		SolutionGuid = {6ED184B6-704C-4B99-B6D5-4C2951340F00}
	EndGlobalSection
EndGlobal
